<?xml version="1.0" encoding="UTF-8" standalone="yes" ?>
<CodeBlocks_project_file>
	<FileVersion major="1" minor="6" />
	<Project>
		<Option title="BarnesHut" />
		<Option pch_mode="2" />
		<Option compiler="clang" />
		<Build>
			<Target title="Debug">
				<Option output="bin/Debug/BarnesHut" prefix_auto="1" extension_auto="1" />
				<Option object_output="obj/Debug/" />
				<Option type="1" />
				<Option compiler="clang" />
				<Compiler>
					<Add option="-g" />
				</Compiler>
				<Linker>
					<Add library="../../Spica/C/bin/Debug/libSpicaC.a" />
				</Linker>
			</Target>
			<Target title="Release">
				<Option output="bin/Release/BarnesHut" prefix_auto="1" extension_auto="1" />
				<Option object_output="obj/Release/" />
				<Option type="1" />
				<Option compiler="clang" />
				<Compiler>
					<Add option="-O2" />
				</Compiler>
				<Linker>
					<Add option="-s" />
					<Add library="../../Spica/C/bin/Release/libSpicaC.a" />
				</Linker>
			</Target>
		</Build>
		<Compiler>
			<Add option="-Wall" />
			<Add option="-std=gnu99" />
			<Add directory="../../Spica/C" />
		</Compiler>
		<Unit filename="Initialize.h" />
		<Unit filename="Object.c">
			<Option compilerVar="CC" />
		</Unit>
		<Unit filename="Object.h" />
		<Unit filename="Octree.c">
			<Option compilerVar="CC" />
		</Unit>
		<Unit filename="Octree.h" />
		<Unit filename="main.c">
			<Option compilerVar="CC" />
		</Unit>
		<Extensions>
			<code_completion />
			<debugger />
		</Extensions>
	</Project>
</CodeBlocks_project_file>
